
Microsoft Visual Studio Solution File, Format Version 12.00
# Visual Studio Version 16
VisualStudioVersion = 16.0.31129.286
MinimumVisualStudioVersion = 10.0.40219.1
Project("{FAE04EC0-301F-11D3-BF4B-00C04F79EFBC}") = "ConsoleAppTest", "ConsoleAppTest\ConsoleAppTest.csproj", "{22149911-43D6-4583-A9F0-32A0117C00BE}"
EndProject
Global
	GlobalSection(SolutionConfigurationPlatforms) = preSolution
		Debug|Any CPU = Debug|Any CPU
		Release|Any CPU = Release|Any CPU
	EndGlobalSection
	GlobalSection(ProjectConfigurationPlatforms) = postSolution
		{22149911-43D6-4583-A9F0-32A0117C00BE}.Debug|Any CPU.ActiveCfg = Debug|Any CPU
		{22149911-43D6-4583-A9F0-32A0117C00BE}.Debug|Any CPU.Build.0 = Debug|Any CPU
		{22149911-43D6-4583-A9F0-32A0117C00BE}.Release|Any CPU.ActiveCfg = Release|Any CPU
		{22149911-43D6-4583-A9F0-32A0117C00BE}.Release|Any CPU.Build.0 = Release|Any CPU
	EndGlobalSection
	GlobalSection(SolutionProperties) = preSolution
		HideSolutionNode = FALSE
	EndGlobalSection
	GlobalSection(ExtensibilityGlobals) = postSolution
		SolutionGuid = {1F26D475-15AB-4A27-9BD0-34F2A7969BF8}
	EndGlobalSection
EndGlobal
